// !$*UTF8*$!
{
	archiveVersion = 1;
	classes = {
	};
	objectVersion = 50;
	objects = {

/* Begin PBXBuildFile section */
		3701FEA2BA95751399B87740 /* Pods_GuessTheFlag.framework in Frameworks */ = {isa = PBXBuildFile; fileRef = E1D980B4C72C5E99D0EE49BB /* Pods_GuessTheFlag.framework */; };
		46A263DCDEA439DB8CF804AE /* Pods_GuessTheFlagTests.framework in Frameworks */ = {isa = PBXBuildFile; fileRef = 61B91D44AAC9A772800E5D1C /* Pods_GuessTheFlagTests.framework */; };
		A89F57A8F4BA355C4583B9DF /* Pods_GuessTheFlag_GuessTheFlagUITests.framework in Frameworks */ = {isa = PBXBuildFile; fileRef = F0C807BCA1D3C6364C8C6FAA /* Pods_GuessTheFlag_GuessTheFlagUITests.framework */; };
		DBE3EA6424950881005728F2 /* AppDelegate.swift in Sources */ = {isa = PBXBuildFile; fileRef = DBE3EA6324950881005728F2 /* AppDelegate.swift */; };
		DBE3EA6624950881005728F2 /* SceneDelegate.swift in Sources */ = {isa = PBXBuildFile; fileRef = DBE3EA6524950881005728F2 /* SceneDelegate.swift */; };
		DBE3EA6924950881005728F2 /* GuessTheFlag.xcdatamodeld in Sources */ = {isa = PBXBuildFile; fileRef = DBE3EA6724950881005728F2 /* GuessTheFlag.xcdatamodeld */; };
		DBE3EA6B24950881005728F2 /* ContentView.swift in Sources */ = {isa = PBXBuildFile; fileRef = DBE3EA6A24950881005728F2 /* ContentView.swift */; };
		DBE3EA6D24950882005728F2 /* Assets.xcassets in Resources */ = {isa = PBXBuildFile; fileRef = DBE3EA6C24950882005728F2 /* Assets.xcassets */; };
		DBE3EA7024950882005728F2 /* Preview Assets.xcassets in Resources */ = {isa = PBXBuildFile; fileRef = DBE3EA6F24950882005728F2 /* Preview Assets.xcassets */; };
		DBE3EA7324950882005728F2 /* LaunchScreen.storyboard in Resources */ = {isa = PBXBuildFile; fileRef = DBE3EA7124950882005728F2 /* LaunchScreen.storyboard */; };
		DBE3EA7E24950883005728F2 /* GuessTheFlagTests.swift in Sources */ = {isa = PBXBuildFile; fileRef = DBE3EA7D24950883005728F2 /* GuessTheFlagTests.swift */; };
		DBE3EA8924950883005728F2 /* GuessTheFlagUITests.swift in Sources */ = {isa = PBXBuildFile; fileRef = DBE3EA8824950883005728F2 /* GuessTheFlagUITests.swift */; };
/* End PBXBuildFile section */

/* Begin PBXContainerItemProxy section */
		DBE3EA7A24950883005728F2 /* PBXContainerItemProxy */ = {
			isa = PBXContainerItemProxy;
			containerPortal = DBE3EA5824950881005728F2 /* Project object */;
			proxyType = 1;
			remoteGlobalIDString = DBE3EA5F24950881005728F2;
			remoteInfo = GuessTheFlag;
		};
		DBE3EA8524950883005728F2 /* PBXContainerItemProxy */ = {
			isa = PBXContainerItemProxy;
			containerPortal = DBE3EA5824950881005728F2 /* Project object */;
			proxyType = 1;
			remoteGlobalIDString = DBE3EA5F24950881005728F2;
			remoteInfo = GuessTheFlag;
		};
/* End PBXContainerItemProxy section */

/* Begin PBXFileReference section */
		1FB4F8C97C0FAF8EED5047C0 /* Pods-GuessTheFlag-GuessTheFlagUITests.release.xcconfig */ = {isa = PBXFileReference; includeInIndex = 1; lastKnownFileType = text.xcconfig; name = "Pods-GuessTheFlag-GuessTheFlagUITests.release.xcconfig"; path = "Target Support Files/Pods-GuessTheFlag-GuessTheFlagUITests/Pods-GuessTheFlag-GuessTheFlagUITests.release.xcconfig"; sourceTree = "<group>"; };
		21D8065D8B728B184A189F70 /* Pods-GuessTheFlag.debug.xcconfig */ = {isa = PBXFileReference; includeInIndex = 1; lastKnownFileType = text.xcconfig; name = "Pods-GuessTheFlag.debug.xcconfig"; path = "Target Support Files/Pods-GuessTheFlag/Pods-GuessTheFlag.debug.xcconfig"; sourceTree = "<group>"; };
		61B91D44AAC9A772800E5D1C /* Pods_GuessTheFlagTests.framework */ = {isa = PBXFileReference; explicitFileType = wrapper.framework; includeInIndex = 0; path = Pods_GuessTheFlagTests.framework; sourceTree = BUILT_PRODUCTS_DIR; };
		71E339C913A06A37DCFBAEE5 /* Pods-GuessTheFlagTests.debug.xcconfig */ = {isa = PBXFileReference; includeInIndex = 1; lastKnownFileType = text.xcconfig; name = "Pods-GuessTheFlagTests.debug.xcconfig"; path = "Target Support Files/Pods-GuessTheFlagTests/Pods-GuessTheFlagTests.debug.xcconfig"; sourceTree = "<group>"; };
		802FAEF525135BDA268FBF11 /* Pods-GuessTheFlag-GuessTheFlagUITests.debug.xcconfig */ = {isa = PBXFileReference; includeInIndex = 1; lastKnownFileType = text.xcconfig; name = "Pods-GuessTheFlag-GuessTheFlagUITests.debug.xcconfig"; path = "Target Support Files/Pods-GuessTheFlag-GuessTheFlagUITests/Pods-GuessTheFlag-GuessTheFlagUITests.debug.xcconfig"; sourceTree = "<group>"; };
		A65C39EE5DB4D0CEBFE253CA /* Pods-GuessTheFlag.release.xcconfig */ = {isa = PBXFileReference; includeInIndex = 1; lastKnownFileType = text.xcconfig; name = "Pods-GuessTheFlag.release.xcconfig"; path = "Target Support Files/Pods-GuessTheFlag/Pods-GuessTheFlag.release.xcconfig"; sourceTree = "<group>"; };
		AC0C4AB655E96760C0FE07BB /* Pods-GuessTheFlagTests.release.xcconfig */ = {isa = PBXFileReference; includeInIndex = 1; lastKnownFileType = text.xcconfig; name = "Pods-GuessTheFlagTests.release.xcconfig"; path = "Target Support Files/Pods-GuessTheFlagTests/Pods-GuessTheFlagTests.release.xcconfig"; sourceTree = "<group>"; };
		DBE3EA6024950881005728F2 /* GuessTheFlag.app */ = {isa = PBXFileReference; explicitFileType = wrapper.application; includeInIndex = 0; path = GuessTheFlag.app; sourceTree = BUILT_PRODUCTS_DIR; };
		DBE3EA6324950881005728F2 /* AppDelegate.swift */ = {isa = PBXFileReference; lastKnownFileType = sourcecode.swift; path = AppDelegate.swift; sourceTree = "<group>"; };
		DBE3EA6524950881005728F2 /* SceneDelegate.swift */ = {isa = PBXFileReference; lastKnownFileType = sourcecode.swift; path = SceneDelegate.swift; sourceTree = "<group>"; };
		DBE3EA6824950881005728F2 /* GuessTheFlag.xcdatamodel */ = {isa = PBXFileReference; lastKnownFileType = wrapper.xcdatamodel; path = GuessTheFlag.xcdatamodel; sourceTree = "<group>"; };
		DBE3EA6A24950881005728F2 /* ContentView.swift */ = {isa = PBXFileReference; lastKnownFileType = sourcecode.swift; path = ContentView.swift; sourceTree = "<group>"; };
		DBE3EA6C24950882005728F2 /* Assets.xcassets */ = {isa = PBXFileReference; lastKnownFileType = folder.assetcatalog; path = Assets.xcassets; sourceTree = "<group>"; };
		DBE3EA6F24950882005728F2 /* Preview Assets.xcassets */ = {isa = PBXFileReference; lastKnownFileType = folder.assetcatalog; path = "Preview Assets.xcassets"; sourceTree = "<group>"; };
		DBE3EA7224950882005728F2 /* Base */ = {isa = PBXFileReference; lastKnownFileType = file.storyboard; name = Base; path = Base.lproj/LaunchScreen.storyboard; sourceTree = "<group>"; };
		DBE3EA7424950882005728F2 /* Info.plist */ = {isa = PBXFileReference; lastKnownFileType = text.plist.xml; path = Info.plist; sourceTree = "<group>"; };
		DBE3EA7924950883005728F2 /* GuessTheFlagTests.xctest */ = {isa = PBXFileReference; explicitFileType = wrapper.cfbundle; includeInIndex = 0; path = GuessTheFlagTests.xctest; sourceTree = BUILT_PRODUCTS_DIR; };
		DBE3EA7D24950883005728F2 /* GuessTheFlagTests.swift */ = {isa = PBXFileReference; lastKnownFileType = sourcecode.swift; path = GuessTheFlagTests.swift; sourceTree = "<group>"; };
		DBE3EA7F24950883005728F2 /* Info.plist */ = {isa = PBXFileReference; lastKnownFileType = text.plist.xml; path = Info.plist; sourceTree = "<group>"; };
		DBE3EA8424950883005728F2 /* GuessTheFlagUITests.xctest */ = {isa = PBXFileReference; explicitFileType = wrapper.cfbundle; includeInIndex = 0; path = GuessTheFlagUITests.xctest; sourceTree = BUILT_PRODUCTS_DIR; };
		DBE3EA8824950883005728F2 /* GuessTheFlagUITests.swift */ = {isa = PBXFileReference; lastKnownFileType = sourcecode.swift; path = GuessTheFlagUITests.swift; sourceTree = "<group>"; };
		DBE3EA8A24950883005728F2 /* Info.plist */ = {isa = PBXFileReference; lastKnownFileType = text.plist.xml; path = Info.plist; sourceTree = "<group>"; };
		E1D980B4C72C5E99D0EE49BB /* Pods_GuessTheFlag.framework */ = {isa = PBXFileReference; explicitFileType = wrapper.framework; includeInIndex = 0; path = Pods_GuessTheFlag.framework; sourceTree = BUILT_PRODUCTS_DIR; };
		F0C807BCA1D3C6364C8C6FAA /* Pods_GuessTheFlag_GuessTheFlagUITests.framework */ = {isa = PBXFileReference; explicitFileType = wrapper.framework; includeInIndex = 0; path = Pods_GuessTheFlag_GuessTheFlagUITests.framework; sourceTree = BUILT_PRODUCTS_DIR; };
/* End PBXFileReference section */

/* Begin PBXFrameworksBuildPhase section */
		DBE3EA5D24950881005728F2 /* Frameworks */ = {
			isa = PBXFrameworksBuildPhase;
			buildActionMask = 2147483647;
			files = (
				3701FEA2BA95751399B87740 /* Pods_GuessTheFlag.framework in Frameworks */,
			);
			runOnlyForDeploymentPostprocessing = 0;
		};
		DBE3EA7624950883005728F2 /* Frameworks */ = {
			isa = PBXFrameworksBuildPhase;
			buildActionMask = 2147483647;
			files = (
				46A263DCDEA439DB8CF804AE /* Pods_GuessTheFlagTests.framework in Frameworks */,
			);
			runOnlyForDeploymentPostprocessing = 0;
		};
		DBE3EA8124950883005728F2 /* Frameworks */ = {
			isa = PBXFrameworksBuildPhase;
			buildActionMask = 2147483647;
			files = (
				A89F57A8F4BA355C4583B9DF /* Pods_GuessTheFlag_GuessTheFlagUITests.framework in Frameworks */,
			);
			runOnlyForDeploymentPostprocessing = 0;
		};
/* End PBXFrameworksBuildPhase section */

/* Begin PBXGroup section */
		02731849A4EB12C15AF79884 /* Frameworks */ = {
			isa = PBXGroup;
			children = (
				E1D980B4C72C5E99D0EE49BB /* Pods_GuessTheFlag.framework */,
				F0C807BCA1D3C6364C8C6FAA /* Pods_GuessTheFlag_GuessTheFlagUITests.framework */,
				61B91D44AAC9A772800E5D1C /* Pods_GuessTheFlagTests.framework */,
			);
			name = Frameworks;
			sourceTree = "<group>";
		};
		1984290C9CF7ABE3B4F8CF29 /* Pods */ = {
			isa = PBXGroup;
			children = (
				21D8065D8B728B184A189F70 /* Pods-GuessTheFlag.debug.xcconfig */,
				A65C39EE5DB4D0CEBFE253CA /* Pods-GuessTheFlag.release.xcconfig */,
				802FAEF525135BDA268FBF11 /* Pods-GuessTheFlag-GuessTheFlagUITests.debug.xcconfig */,
				1FB4F8C97C0FAF8EED5047C0 /* Pods-GuessTheFlag-GuessTheFlagUITests.release.xcconfig */,
				71E339C913A06A37DCFBAEE5 /* Pods-GuessTheFlagTests.debug.xcconfig */,
				AC0C4AB655E96760C0FE07BB /* Pods-GuessTheFlagTests.release.xcconfig */,
			);
			name = Pods;
			path = Pods;
			sourceTree = "<group>";
		};
		DBE3EA5724950881005728F2 = {
			isa = PBXGroup;
			children = (
				DBE3EA6224950881005728F2 /* GuessTheFlag */,
				DBE3EA7C24950883005728F2 /* GuessTheFlagTests */,
				DBE3EA8724950883005728F2 /* GuessTheFlagUITests */,
				DBE3EA6124950881005728F2 /* Products */,
				1984290C9CF7ABE3B4F8CF29 /* Pods */,
				02731849A4EB12C15AF79884 /* Frameworks */,
			);
			sourceTree = "<group>";
		};
		DBE3EA6124950881005728F2 /* Products */ = {
			isa = PBXGroup;
			children = (
				DBE3EA6024950881005728F2 /* GuessTheFlag.app */,
				DBE3EA7924950883005728F2 /* GuessTheFlagTests.xctest */,
				DBE3EA8424950883005728F2 /* GuessTheFlagUITests.xctest */,
			);
			name = Products;
			sourceTree = "<group>";
		};
		DBE3EA6224950881005728F2 /* GuessTheFlag */ = {
			isa = PBXGroup;
			children = (
				DBE3EA6324950881005728F2 /* AppDelegate.swift */,
				DBE3EA6524950881005728F2 /* SceneDelegate.swift */,
				DBE3EA6A24950881005728F2 /* ContentView.swift */,
				DBE3EA6C24950882005728F2 /* Assets.xcassets */,
				DBE3EA7124950882005728F2 /* LaunchScreen.storyboard */,
				DBE3EA7424950882005728F2 /* Info.plist */,
				DBE3EA6724950881005728F2 /* GuessTheFlag.xcdatamodeld */,
				DBE3EA6E24950882005728F2 /* Preview Content */,
			);
			path = GuessTheFlag;
			sourceTree = "<group>";
		};
		DBE3EA6E24950882005728F2 /* Preview Content */ = {
			isa = PBXGroup;
			children = (
				DBE3EA6F24950882005728F2 /* Preview Assets.xcassets */,
			);
			path = "Preview Content";
			sourceTree = "<group>";
		};
		DBE3EA7C24950883005728F2 /* GuessTheFlagTests */ = {
			isa = PBXGroup;
			children = (
				DBE3EA7D24950883005728F2 /* GuessTheFlagTests.swift */,
				DBE3EA7F24950883005728F2 /* Info.plist */,
			);
			path = GuessTheFlagTests;
			sourceTree = "<group>";
		};
		DBE3EA8724950883005728F2 /* GuessTheFlagUITests */ = {
			isa = PBXGroup;
			children = (
				DBE3EA8824950883005728F2 /* GuessTheFlagUITests.swift */,
				DBE3EA8A24950883005728F2 /* Info.plist */,
			);
			path = GuessTheFlagUITests;
			sourceTree = "<group>";
		};
/* End PBXGroup section */

/* Begin PBXNativeTarget section */
		DBE3EA5F24950881005728F2 /* GuessTheFlag */ = {
			isa = PBXNativeTarget;
			buildConfigurationList = DBE3EA8D24950883005728F2 /* Build configuration list for PBXNativeTarget "GuessTheFlag" */;
			buildPhases = (
				4A740438A3876B7B728E238B /* [CP] Check Pods Manifest.lock */,
				DBE3EA5C24950881005728F2 /* Sources */,
				DBE3EA5D24950881005728F2 /* Frameworks */,
				DBE3EA5E24950881005728F2 /* Resources */,
			);
			buildRules = (
			);
			dependencies = (
			);
			name = GuessTheFlag;
			productName = GuessTheFlag;
			productReference = DBE3EA6024950881005728F2 /* GuessTheFlag.app */;
			productType = "com.apple.product-type.application";
		};
		DBE3EA7824950883005728F2 /* GuessTheFlagTests */ = {
			isa = PBXNativeTarget;
			buildConfigurationList = DBE3EA9024950883005728F2 /* Build configuration list for PBXNativeTarget "GuessTheFlagTests" */;
			buildPhases = (
				A2F17EEB3EAD3C38406A5994 /* [CP] Check Pods Manifest.lock */,
				DBE3EA7524950883005728F2 /* Sources */,
				DBE3EA7624950883005728F2 /* Frameworks */,
				DBE3EA7724950883005728F2 /* Resources */,
			);
			buildRules = (
			);
			dependencies = (
				DBE3EA7B24950883005728F2 /* PBXTargetDependency */,
			);
			name = GuessTheFlagTests;
			productName = GuessTheFlagTests;
			productReference = DBE3EA7924950883005728F2 /* GuessTheFlagTests.xctest */;
			productType = "com.apple.product-type.bundle.unit-test";
		};
		DBE3EA8324950883005728F2 /* GuessTheFlagUITests */ = {
			isa = PBXNativeTarget;
			buildConfigurationList = DBE3EA9324950883005728F2 /* Build configuration list for PBXNativeTarget "GuessTheFlagUITests" */;
			buildPhases = (
				8C200F9DF761E1B74C270AC4 /* [CP] Check Pods Manifest.lock */,
				DBE3EA8024950883005728F2 /* Sources */,
				DBE3EA8124950883005728F2 /* Frameworks */,
				DBE3EA8224950883005728F2 /* Resources */,
			);
			buildRules = (
			);
			dependencies = (
				DBE3EA8624950883005728F2 /* PBXTargetDependency */,
			);
			name = GuessTheFlagUITests;
			productName = GuessTheFlagUITests;
			productReference = DBE3EA8424950883005728F2 /* GuessTheFlagUITests.xctest */;
			productType = "com.apple.product-type.bundle.ui-testing";
		};
/* End PBXNativeTarget section */

/* Begin PBXProject section */
		DBE3EA5824950881005728F2 /* Project object */ = {
			isa = PBXProject;
			attributes = {
				LastSwiftUpdateCheck = 1150;
				LastUpgradeCheck = 1150;
				ORGANIZATIONNAME = "Cesar Contreras";
				TargetAttributes = {
					DBE3EA5F24950881005728F2 = {
						CreatedOnToolsVersion = 11.5;
					};
					DBE3EA7824950883005728F2 = {
						CreatedOnToolsVersion = 11.5;
						TestTargetID = DBE3EA5F24950881005728F2;
					};
					DBE3EA8324950883005728F2 = {
						CreatedOnToolsVersion = 11.5;
						TestTargetID = DBE3EA5F24950881005728F2;
					};
				};
			};
			buildConfigurationList = DBE3EA5B24950881005728F2 /* Build configuration list for PBXProject "GuessTheFlag" */;
			compatibilityVersion = "Xcode 9.3";
			developmentRegion = en;
			hasScannedForEncodings = 0;
			knownRegions = (
				en,
				Base,
			);
			mainGroup = DBE3EA5724950881005728F2;
			productRefGroup = DBE3EA6124950881005728F2 /* Products */;
			projectDirPath = "";
			projectRoot = "";
			targets = (
				DBE3EA5F24950881005728F2 /* GuessTheFlag */,
				DBE3EA7824950883005728F2 /* GuessTheFlagTests */,
				DBE3EA8324950883005728F2 /* GuessTheFlagUITests */,
			);
		};
/* End PBXProject section */

/* Begin PBXResourcesBuildPhase section */
		DBE3EA5E24950881005728F2 /* Resources */ = {
			isa = PBXResourcesBuildPhase;
			buildActionMask = 2147483647;
			files = (
				DBE3EA7324950882005728F2 /* LaunchScreen.storyboard in Resources */,
				DBE3EA7024950882005728F2 /* Preview Assets.xcassets in Resources */,
				DBE3EA6D24950882005728F2 /* Assets.xcassets in Resources */,
			);
			runOnlyForDeploymentPostprocessing = 0;
		};
		DBE3EA7724950883005728F2 /* Resources */ = {
			isa = PBXResourcesBuildPhase;
			buildActionMask = 2147483647;
			files = (
			);
			runOnlyForDeploymentPostprocessing = 0;
		};
		DBE3EA8224950883005728F2 /* Resources */ = {
			isa = PBXResourcesBuildPhase;
			buildActionMask = 2147483647;
			files = (
			);
			runOnlyForDeploymentPostprocessing = 0;
		};
/* End PBXResourcesBuildPhase section */

/* Begin PBXShellScriptBuildPhase section */
		4A740438A3876B7B728E238B /* [CP] Check Pods Manifest.lock */ = {
			isa = PBXShellScriptBuildPhase;
			buildActionMask = 2147483647;
			files = (
			);
			inputFileListPaths = (
			);
			inputPaths = (
				"${PODS_PODFILE_DIR_PATH}/Podfile.lock",
				"${PODS_ROOT}/Manifest.lock",
			);
			name = "[CP] Check Pods Manifest.lock";
			outputFileListPaths = (
			);
			outputPaths = (
				"$(DERIVED_FILE_DIR)/Pods-GuessTheFlag-checkManifestLockResult.txt",
			);
			runOnlyForDeploymentPostprocessing = 0;
			shellPath = /bin/sh;
			shellScript = "diff \"${PODS_PODFILE_DIR_PATH}/Podfile.lock\" \"${PODS_ROOT}/Manifest.lock\" > /dev/null\nif [ $? != 0 ] ; then\n    # print error to STDERR\n    echo \"error: The sandbox is not in sync with the Podfile.lock. Run 'pod install' or update your CocoaPods installation.\" >&2\n    exit 1\nfi\n# This output is used by Xcode 'outputs' to avoid re-running this script phase.\necho \"SUCCESS\" > \"${SCRIPT_OUTPUT_FILE_0}\"\n";
			showEnvVarsInLog = 0;
		};
		8C200F9DF761E1B74C270AC4 /* [CP] Check Pods Manifest.lock */ = {
			isa = PBXShellScriptBuildPhase;
			buildActionMask = 2147483647;
			files = (
			);
			inputFileListPaths = (
			);
			inputPaths = (
				"${PODS_PODFILE_DIR_PATH}/Podfile.lock",
				"${PODS_ROOT}/Manifest.lock",
			);
			name = "[CP] Check Pods Manifest.lock";
			outputFileListPaths = (
			);
			outputPaths = (
				"$(DERIVED_FILE_DIR)/Pods-GuessTheFlag-GuessTheFlagUITests-checkManifestLockResult.txt",
			);
			runOnlyForDeploymentPostprocessing = 0;
			shellPath = /bin/sh;
			shellScript = "diff \"${PODS_PODFILE_DIR_PATH}/Podfile.lock\" \"${PODS_ROOT}/Manifest.lock\" > /dev/null\nif [ $? != 0 ] ; then\n    # print error to STDERR\n    echo \"error: The sandbox is not in sync with the Podfile.lock. Run 'pod install' or update your CocoaPods installation.\" >&2\n    exit 1\nfi\n# This output is used by Xcode 'outputs' to avoid re-running this script phase.\necho \"SUCCESS\" > \"${SCRIPT_OUTPUT_FILE_0}\"\n";
			showEnvVarsInLog = 0;
		};
		A2F17EEB3EAD3C38406A5994 /* [CP] Check Pods Manifest.lock */ = {
			isa = PBXShellScriptBuildPhase;
			buildActionMask = 2147483647;
			files = (
			);
			inputFileListPaths = (
			);
			inputPaths = (
				"${PODS_PODFILE_DIR_PATH}/Podfile.lock",
				"${PODS_ROOT}/Manifest.lock",
			);
			name = "[CP] Check Pods Manifest.lock";
			outputFileListPaths = (
			);
			outputPaths = (
				"$(DERIVED_FILE_DIR)/Pods-GuessTheFlagTests-checkManifestLockResult.txt",
			);
			runOnlyForDeploymentPostprocessing = 0;
			shellPath = /bin/sh;
			shellScript = "diff \"${PODS_PODFILE_DIR_PATH}/Podfile.lock\" \"${PODS_ROOT}/Manifest.lock\" > /dev/null\nif [ $? != 0 ] ; then\n    # print error to STDERR\n    echo \"error: The sandbox is not in sync with the Podfile.lock. Run 'pod install' or update your CocoaPods installation.\" >&2\n    exit 1\nfi\n# This output is used by Xcode 'outputs' to avoid re-running this script phase.\necho \"SUCCESS\" > \"${SCRIPT_OUTPUT_FILE_0}\"\n";
			showEnvVarsInLog = 0;
		};
/* End PBXShellScriptBuildPhase section */

/* Begin PBXSourcesBuildPhase section */
		DBE3EA5C24950881005728F2 /* Sources */ = {
			isa = PBXSourcesBuildPhase;
			buildActionMask = 2147483647;
			files = (
				DBE3EA6924950881005728F2 /* GuessTheFlag.xcdatamodeld in Sources */,
				DBE3EA6424950881005728F2 /* AppDelegate.swift in Sources */,
				DBE3EA6B24950881005728F2 /* ContentView.swift in Sources */,
				DBE3EA6624950881005728F2 /* SceneDelegate.swift in Sources */,
			);
			runOnlyForDeploymentPostprocessing = 0;
		};
		DBE3EA7524950883005728F2 /* Sources */ = {
			isa = PBXSourcesBuildPhase;
			buildActionMask = 2147483647;
			files = (
				DBE3EA7E24950883005728F2 /* GuessTheFlagTests.swift in Sources */,
			);
			runOnlyForDeploymentPostprocessing = 0;
		};
		DBE3EA8024950883005728F2 /* Sources */ = {
			isa = PBXSourcesBuildPhase;
			buildActionMask = 2147483647;
			files = (
				DBE3EA8924950883005728F2 /* GuessTheFlagUITests.swift in Sources */,
			);
			runOnlyForDeploymentPostprocessing = 0;
		};
/* End PBXSourcesBuildPhase section */

/* Begin PBXTargetDependency section */
		DBE3EA7B24950883005728F2 /* PBXTargetDependency */ = {
			isa = PBXTargetDependency;
			target = DBE3EA5F24950881005728F2 /* GuessTheFlag */;
			targetProxy = DBE3EA7A24950883005728F2 /* PBXContainerItemProxy */;
		};
		DBE3EA8624950883005728F2 /* PBXTargetDependency */ = {
			isa = PBXTargetDependency;
			target = DBE3EA5F24950881005728F2 /* GuessTheFlag */;
			targetProxy = DBE3EA8524950883005728F2 /* PBXContainerItemProxy */;
		};
/* End PBXTargetDependency section */

/* Begin PBXVariantGroup section */
		DBE3EA7124950882005728F2 /* LaunchScreen.storyboard */ = {
			isa = PBXVariantGroup;
			children = (
				DBE3EA7224950882005728F2 /* Base */,
			);
			name = LaunchScreen.storyboard;
			sourceTree = "<group>";
		};
/* End PBXVariantGroup section */

/* Begin XCBuildConfiguration section */
		DBE3EA8B24950883005728F2 /* Debug */ = {
			isa = XCBuildConfiguration;
			buildSettings = {
				ALWAYS_SEARCH_USER_PATHS = NO;
				CLANG_ANALYZER_NONNULL = YES;
				CLANG_ANALYZER_NUMBER_OBJECT_CONVERSION = YES_AGGRESSIVE;
				CLANG_CXX_LANGUAGE_STANDARD = "gnu++14";
				CLANG_CXX_LIBRARY = "libc++";
				CLANG_ENABLE_MODULES = YES;
				CLANG_ENABLE_OBJC_ARC = YES;
				CLANG_ENABLE_OBJC_WEAK = YES;
				CLANG_WARN_BLOCK_CAPTURE_AUTORELEASING = YES;
				CLANG_WARN_BOOL_CONVERSION = YES;
				CLANG_WARN_COMMA = YES;
				CLANG_WARN_CONSTANT_CONVERSION = YES;
				CLANG_WARN_DEPRECATED_OBJC_IMPLEMENTATIONS = YES;
				CLANG_WARN_DIRECT_OBJC_ISA_USAGE = YES_ERROR;
				CLANG_WARN_DOCUMENTATION_COMMENTS = YES;
				CLANG_WARN_EMPTY_BODY = YES;
				CLANG_WARN_ENUM_CONVERSION = YES;
				CLANG_WARN_INFINITE_RECURSION = YES;
				CLANG_WARN_INT_CONVERSION = YES;
				CLANG_WARN_NON_LITERAL_NULL_CONVERSION = YES;
				CLANG_WARN_OBJC_IMPLICIT_RETAIN_SELF = YES;
				CLANG_WARN_OBJC_LITERAL_CONVERSION = YES;
				CLANG_WARN_OBJC_ROOT_CLASS = YES_ERROR;
				CLANG_WARN_RANGE_LOOP_ANALYSIS = YES;
				CLANG_WARN_STRICT_PROTOTYPES = YES;
				CLANG_WARN_SUSPICIOUS_MOVE = YES;
				CLANG_WARN_UNGUARDED_AVAILABILITY = YES_AGGRESSIVE;
				CLANG_WARN_UNREACHABLE_CODE = YES;
				CLANG_WARN__DUPLICATE_METHOD_MATCH = YES;
				COPY_PHASE_STRIP = NO;
				DEBUG_INFORMATION_FORMAT = dwarf;
				ENABLE_STRICT_OBJC_MSGSEND = YES;
				ENABLE_TESTABILITY = YES;
				GCC_C_LANGUAGE_STANDARD = gnu11;
				GCC_DYNAMIC_NO_PIC = NO;
				GCC_NO_COMMON_BLOCKS = YES;
				GCC_OPTIMIZATION_LEVEL = 0;
				GCC_PREPROCESSOR_DEFINITIONS = (
					"DEBUG=1",
					"$(inherited)",
				);
				GCC_WARN_64_TO_32_BIT_CONVERSION = YES;
				GCC_WARN_ABOUT_RETURN_TYPE = YES_ERROR;
				GCC_WARN_UNDECLARED_SELECTOR = YES;
				GCC_WARN_UNINITIALIZED_AUTOS = YES_AGGRESSIVE;
				GCC_WARN_UNUSED_FUNCTION = YES;
				GCC_WARN_UNUSED_VARIABLE = YES;
				IPHONEOS_DEPLOYMENT_TARGET = 13.5;
				MTL_ENABLE_DEBUG_INFO = INCLUDE_SOURCE;
				MTL_FAST_MATH = YES;
				ONLY_ACTIVE_ARCH = YES;
				SDKROOT = iphoneos;
				SWIFT_ACTIVE_COMPILATION_CONDITIONS = DEBUG;
				SWIFT_OPTIMIZATION_LEVEL = "-Onone";
			};
			name = Debug;
		};
		DBE3EA8C24950883005728F2 /* Release */ = {
			isa = XCBuildConfiguration;
			buildSettings = {
				ALWAYS_SEARCH_USER_PATHS = NO;
				CLANG_ANALYZER_NONNULL = YES;
				CLANG_ANALYZER_NUMBER_OBJECT_CONVERSION = YES_AGGRESSIVE;
				CLANG_CXX_LANGUAGE_STANDARD = "gnu++14";
				CLANG_CXX_LIBRARY = "libc++";
				CLANG_ENABLE_MODULES = YES;
				CLANG_ENABLE_OBJC_ARC = YES;
				CLANG_ENABLE_OBJC_WEAK = YES;
				CLANG_WARN_BLOCK_CAPTURE_AUTORELEASING = YES;
				CLANG_WARN_BOOL_CONVERSION = YES;
				CLANG_WARN_COMMA = YES;
				CLANG_WARN_CONSTANT_CONVERSION = YES;
				CLANG_WARN_DEPRECATED_OBJC_IMPLEMENTATIONS = YES;
				CLANG_WARN_DIRECT_OBJC_ISA_USAGE = YES_ERROR;
				CLANG_WARN_DOCUMENTATION_COMMENTS = YES;
				CLANG_WARN_EMPTY_BODY = YES;
				CLANG_WARN_ENUM_CONVERSION = YES;
				CLANG_WARN_INFINITE_RECURSION = YES;
				CLANG_WARN_INT_CONVERSION = YES;
				CLANG_WARN_NON_LITERAL_NULL_CONVERSION = YES;
				CLANG_WARN_OBJC_IMPLICIT_RETAIN_SELF = YES;
				CLANG_WARN_OBJC_LITERAL_CONVERSION = YES;
				CLANG_WARN_OBJC_ROOT_CLASS = YES_ERROR;
				CLANG_WARN_RANGE_LOOP_ANALYSIS = YES;
				CLANG_WARN_STRICT_PROTOTYPES = YES;
				CLANG_WARN_SUSPICIOUS_MOVE = YES;
				CLANG_WARN_UNGUARDED_AVAILABILITY = YES_AGGRESSIVE;
				CLANG_WARN_UNREACHABLE_CODE = YES;
				CLANG_WARN__DUPLICATE_METHOD_MATCH = YES;
				COPY_PHASE_STRIP = NO;
				DEBUG_INFORMATION_FORMAT = "dwarf-with-dsym";
				ENABLE_NS_ASSERTIONS = NO;
				ENABLE_STRICT_OBJC_MSGSEND = YES;
				GCC_C_LANGUAGE_STANDARD = gnu11;
				GCC_NO_COMMON_BLOCKS = YES;
				GCC_WARN_64_TO_32_BIT_CONVERSION = YES;
				GCC_WARN_ABOUT_RETURN_TYPE = YES_ERROR;
				GCC_WARN_UNDECLARED_SELECTOR = YES;
				GCC_WARN_UNINITIALIZED_AUTOS = YES_AGGRESSIVE;
				GCC_WARN_UNUSED_FUNCTION = YES;
				GCC_WARN_UNUSED_VARIABLE = YES;
				IPHONEOS_DEPLOYMENT_TARGET = 13.5;
				MTL_ENABLE_DEBUG_INFO = NO;
				MTL_FAST_MATH = YES;
				SDKROOT = iphoneos;
				SWIFT_COMPILATION_MODE = wholemodule;
				SWIFT_OPTIMIZATION_LEVEL = "-O";
				VALIDATE_PRODUCT = YES;
			};
			name = Release;
		};
		DBE3EA8E24950883005728F2 /* Debug */ = {
			isa = XCBuildConfiguration;
			baseConfigurationReference = 21D8065D8B728B184A189F70 /* Pods-GuessTheFlag.debug.xcconfig */;
			buildSettings = {
				ASSETCATALOG_COMPILER_APPICON_NAME = AppIcon;
				CODE_SIGN_STYLE = Automatic;
				DEVELOPMENT_ASSET_PATHS = "\"GuessTheFlag/Preview Content\"";
				DEVELOPMENT_TEAM = H6ZQ35AQX6;
				ENABLE_PREVIEWS = YES;
				INFOPLIST_FILE = GuessTheFlag/Info.plist;
				LD_RUNPATH_SEARCH_PATHS = (
					"$(inherited)",
					"@executable_path/Frameworks",
				);
				PRODUCT_BUNDLE_IDENTIFIER = com.cesarcontreras.ios.GuessTheFlag;
				PRODUCT_NAME = "$(TARGET_NAME)";
				SWIFT_VERSION = 5.0;
				TARGETED_DEVICE_FAMILY = "1,2";
			};
			name = Debug;
		};
		DBE3EA8F24950883005728F2 /* Release */ = {
			isa = XCBuildConfiguration;
			baseConfigurationReference = A65C39EE5DB4D0CEBFE253CA /* Pods-GuessTheFlag.release.xcconfig */;
			buildSettings = {
				ASSETCATALOG_COMPILER_APPICON_NAME = AppIcon;
				CODE_SIGN_STYLE = Automatic;
				DEVELOPMENT_ASSET_PATHS = "\"GuessTheFlag/Preview Content\"";
				DEVELOPMENT_TEAM = H6ZQ35AQX6;
				ENABLE_PREVIEWS = YES;
				INFOPLIST_FILE = GuessTheFlag/Info.plist;
				LD_RUNPATH_SEARCH_PATHS = (
					"$(inherited)",
					"@executable_path/Frameworks",
				);
				PRODUCT_BUNDLE_IDENTIFIER = com.cesarcontreras.ios.GuessTheFlag;
				PRODUCT_NAME = "$(TARGET_NAME)";
				SWIFT_VERSION = 5.0;
				TARGETED_DEVICE_FAMILY = "1,2";
			};
			name = Release;
		};
		DBE3EA9124950883005728F2 /* Debug */ = {
			isa = XCBuildConfiguration;
			baseConfigurationReference = 71E339C913A06A37DCFBAEE5 /* Pods-GuessTheFlagTests.debug.xcconfig */;
			buildSettings = {
				ALWAYS_EMBED_SWIFT_STANDARD_LIBRARIES = YES;
				BUNDLE_LOADER = "$(TEST_HOST)";
				CODE_SIGN_STYLE = Automatic;
				DEVELOPMENT_TEAM = H6ZQ35AQX6;
				INFOPLIST_FILE = GuessTheFlagTests/Info.plist;
				IPHONEOS_DEPLOYMENT_TARGET = 13.5;
				LD_RUNPATH_SEARCH_PATHS = (
					"$(inherited)",
					"@executable_path/Frameworks",
					"@loader_path/Frameworks",
				);
				PRODUCT_BUNDLE_IDENTIFIER = com.cesarcontreras.ios.GuessTheFlagTests;
				PRODUCT_NAME = "$(TARGET_NAME)";
				SWIFT_VERSION = 5.0;
				TARGETED_DEVICE_FAMILY = "1,2";
				TEST_HOST = "$(BUILT_PRODUCTS_DIR)/GuessTheFlag.app/GuessTheFlag";
			};
			name = Debug;
		};
		DBE3EA9224950883005728F2 /* Release */ = {
			isa = XCBuildConfiguration;
			baseConfigurationReference = AC0C4AB655E96760C0FE07BB /* Pods-GuessTheFlagTests.release.xcconfig */;
			buildSettings = {
				ALWAYS_EMBED_SWIFT_STANDARD_LIBRARIES = YES;
				BUNDLE_LOADER = "$(TEST_HOST)";
				CODE_SIGN_STYLE = Automatic;
				DEVELOPMENT_TEAM = H6ZQ35AQX6;
				INFOPLIST_FILE = GuessTheFlagTests/Info.plist;
				IPHONEOS_DEPLOYMENT_TARGET = 13.5;
				LD_RUNPATH_SEARCH_PATHS = (
					"$(inherited)",
					"@executable_path/Frameworks",
					"@loader_path/Frameworks",
				);
				PRODUCT_BUNDLE_IDENTIFIER = com.cesarcontreras.ios.GuessTheFlagTests;
				PRODUCT_NAME = "$(TARGET_NAME)";
				SWIFT_VERSION = 5.0;
				TARGETED_DEVICE_FAMILY = "1,2";
				TEST_HOST = "$(BUILT_PRODUCTS_DIR)/GuessTheFlag.app/GuessTheFlag";
			};
			name = Release;
		};
		DBE3EA9424950883005728F2 /* Debug */ = {
			isa = XCBuildConfiguration;
			baseConfigurationReference = 802FAEF525135BDA268FBF11 /* Pods-GuessTheFlag-GuessTheFlagUITests.debug.xcconfig */;
			buildSettings = {
				ALWAYS_EMBED_SWIFT_STANDARD_LIBRARIES = YES;
				CODE_SIGN_STYLE = Automatic;
				DEVELOPMENT_TEAM = H6ZQ35AQX6;
				INFOPLIST_FILE = GuessTheFlagUITests/Info.plist;
				LD_RUNPATH_SEARCH_PATHS = (
					"$(inherited)",
					"@executable_path/Frameworks",
					"@loader_path/Frameworks",
				);
				PRODUCT_BUNDLE_IDENTIFIER = com.cesarcontreras.ios.GuessTheFlagUITests;
				PRODUCT_NAME = "$(TARGET_NAME)";
				SWIFT_VERSION = 5.0;
				TARGETED_DEVICE_FAMILY = "1,2";
				TEST_TARGET_NAME = GuessTheFlag;
			};
			name = Debug;
		};
		DBE3EA9524950883005728F2 /* Release */ = {
			isa = XCBuildConfiguration;
			baseConfigurationReference = 1FB4F8C97C0FAF8EED5047C0 /* Pods-GuessTheFlag-GuessTheFlagUITests.release.xcconfig */;
			buildSettings = {
				ALWAYS_EMBED_SWIFT_STANDARD_LIBRARIES = YES;
				CODE_SIGN_STYLE = Automatic;
				DEVELOPMENT_TEAM = H6ZQ35AQX6;
				INFOPLIST_FILE = GuessTheFlagUITests/Info.plist;
				LD_RUNPATH_SEARCH_PATHS = (
					"$(inherited)",
					"@executable_path/Frameworks",
					"@loader_path/Frameworks",
				);
				PRODUCT_BUNDLE_IDENTIFIER = com.cesarcontreras.ios.GuessTheFlagUITests;
				PRODUCT_NAME = "$(TARGET_NAME)";
				SWIFT_VERSION = 5.0;
				TARGETED_DEVICE_FAMILY = "1,2";
				TEST_TARGET_NAME = GuessTheFlag;
			};
			name = Release;
		};
/* End XCBuildConfiguration section */

/* Begin XCConfigurationList section */
		DBE3EA5B24950881005728F2 /* Build configuration list for PBXProject "GuessTheFlag" */ = {
			isa = XCConfigurationList;
			buildConfigurations = (
				DBE3EA8B24950883005728F2 /* Debug */,
				DBE3EA8C24950883005728F2 /* Release */,
			);
			defaultConfigurationIsVisible = 0;
			defaultConfigurationName = Release;
		};
		DBE3EA8D24950883005728F2 /* Build configuration list for PBXNativeTarget "GuessTheFlag" */ = {
			isa = XCConfigurationList;
			buildConfigurations = (
				DBE3EA8E24950883005728F2 /* Debug */,
				DBE3EA8F24950883005728F2 /* Release */,
			);
			defaultConfigurationIsVisible = 0;
			defaultConfigurationName = Release;
		};
		DBE3EA9024950883005728F2 /* Build configuration list for PBXNativeTarget "GuessTheFlagTests" */ = {
			isa = XCConfigurationList;
			buildConfigurations = (
				DBE3EA9124950883005728F2 /* Debug */,
				DBE3EA9224950883005728F2 /* Release */,
			);
			defaultConfigurationIsVisible = 0;
			defaultConfigurationName = Release;
		};
		DBE3EA9324950883005728F2 /* Build configuration list for PBXNativeTarget "GuessTheFlagUITests" */ = {
			isa = XCConfigurationList;
			buildConfigurations = (
				DBE3EA9424950883005728F2 /* Debug */,
				DBE3EA9524950883005728F2 /* Release */,
			);
			defaultConfigurationIsVisible = 0;
			defaultConfigurationName = Release;
		};
/* End XCConfigurationList section */

/* Begin XCVersionGroup section */
		DBE3EA6724950881005728F2 /* GuessTheFlag.xcdatamodeld */ = {
			isa = XCVersionGroup;
			children = (
				DBE3EA6824950881005728F2 /* GuessTheFlag.xcdatamodel */,
			);
			currentVersion = DBE3EA6824950881005728F2 /* GuessTheFlag.xcdatamodel */;
			path = GuessTheFlag.xcdatamodeld;
			sourceTree = "<group>";
			versionGroupType = wrapper.xcdatamodel;
		};
/* End XCVersionGroup section */
	};
	rootObject = DBE3EA5824950881005728F2 /* Project object */;
}
